
Microsoft Visual Studio Solution File, Format Version 12.00
# Visual Studio Version 16
VisualStudioVersion = 16.0.31112.23
MinimumVisualStudioVersion = 10.0.40219.1
Project("{FAE04EC0-301F-11D3-BF4B-00C04F79EFBC}") = "WpfMessageWall", "WpfMessageWall\WpfMessageWall.csproj", "{DE8497A3-333C-452D-9C6B-B5084A1647E6}"
EndProject
Global
	GlobalSection(SolutionConfigurationPlatforms) = preSolution
		Debug|Any CPU = Debug|Any CPU
		Release|Any CPU = Release|Any CPU
	EndGlobalSection
	GlobalSection(ProjectConfigurationPlatforms) = postSolution
		{DE8497A3-333C-452D-9C6B-B5084A1647E6}.Debug|Any CPU.ActiveCfg = Debug|Any CPU
		{DE8497A3-333C-452D-9C6B-B5084A1647E6}.Debug|Any CPU.Build.0 = Debug|Any CPU
		{DE8497A3-333C-452D-9C6B-B5084A1647E6}.Release|Any CPU.ActiveCfg = Release|Any CPU
		{DE8497A3-333C-452D-9C6B-B5084A1647E6}.Release|Any CPU.Build.0 = Release|Any CPU
	EndGlobalSection
	GlobalSection(SolutionProperties) = preSolution
		HideSolutionNode = FALSE
	EndGlobalSection
	GlobalSection(ExtensibilityGlobals) = postSolution
		SolutionGuid = {B181ED66-06B3-4110-8CBE-C6D1A2963857}
	EndGlobalSection
EndGlobal
